
Microsoft Visual Studio Solution File, Format Version 12.00
# Visual Studio Version 17
VisualStudioVersion = 17.3.32811.315
MinimumVisualStudioVersion = 10.0.40219.1
Project("{FAE04EC0-301F-11D3-BF4B-00C04F79EFBC}") = "winform-app", "winform-app\winform-app.csproj", "{5E7D09FF-8193-4C27-9B81-455E42E6F87C}"
EndProject
Project("{FAE04EC0-301F-11D3-BF4B-00C04F79EFBC}") = "Dominio", "Dominio\Dominio.csproj", "{7C45156E-4A00-4534-9BD7-D8F988059164}"
EndProject
Project("{FAE04EC0-301F-11D3-BF4B-00C04F79EFBC}") = "Service", "Service\Service.csproj", "{33689CBA-960D-486B-A98E-4EE700562EA9}"
EndProject
Global
	GlobalSection(SolutionConfigurationPlatforms) = preSolution
		Debug|Any CPU = Debug|Any CPU
		Release|Any CPU = Release|Any CPU
	EndGlobalSection
	GlobalSection(ProjectConfigurationPlatforms) = postSolution
		{5E7D09FF-8193-4C27-9B81-455E42E6F87C}.Debug|Any CPU.ActiveCfg = Debug|Any CPU
		{5E7D09FF-8193-4C27-9B81-455E42E6F87C}.Debug|Any CPU.Build.0 = Debug|Any CPU
		{5E7D09FF-8193-4C27-9B81-455E42E6F87C}.Release|Any CPU.ActiveCfg = Release|Any CPU
		{5E7D09FF-8193-4C27-9B81-455E42E6F87C}.Release|Any CPU.Build.0 = Release|Any CPU
		{7C45156E-4A00-4534-9BD7-D8F988059164}.Debug|Any CPU.ActiveCfg = Debug|Any CPU
		{7C45156E-4A00-4534-9BD7-D8F988059164}.Debug|Any CPU.Build.0 = Debug|Any CPU
		{7C45156E-4A00-4534-9BD7-D8F988059164}.Release|Any CPU.ActiveCfg = Release|Any CPU
		{7C45156E-4A00-4534-9BD7-D8F988059164}.Release|Any CPU.Build.0 = Release|Any CPU
		{33689CBA-960D-486B-A98E-4EE700562EA9}.Debug|Any CPU.ActiveCfg = Debug|Any CPU
		{33689CBA-960D-486B-A98E-4EE700562EA9}.Debug|Any CPU.Build.0 = Debug|Any CPU
		{33689CBA-960D-486B-A98E-4EE700562EA9}.Release|Any CPU.ActiveCfg = Release|Any CPU
		{33689CBA-960D-486B-A98E-4EE700562EA9}.Release|Any CPU.Build.0 = Release|Any CPU
	EndGlobalSection
	GlobalSection(SolutionProperties) = preSolution
		HideSolutionNode = FALSE
	EndGlobalSection
	GlobalSection(ExtensibilityGlobals) = postSolution
		SolutionGuid = {92B3292F-D987-49E8-AA57-89976A4B7B1D}
	EndGlobalSection
EndGlobal
